
Microsoft Visual Studio Solution File, Format Version 12.00
# Visual Studio Version 16
VisualStudioVersion = 16.0.31112.23
MinimumVisualStudioVersion = 10.0.40219.1
Project("{9A19103F-16F7-4668-BE54-9A1E7A4F7556}") = "CVPart", "Diploma\CVPart.csproj", "{403E5C31-380B-4734-8038-7FDC0C7A3A4A}"
EndProject
Project("{00D1A9C2-B5F0-4AF3-8072-F6C62B433612}") = "Database", "Database\Database.sqlproj", "{C0CFAE7A-5074-48EA-970A-A9239CA829A9}"
EndProject
Project("{9A19103F-16F7-4668-BE54-9A1E7A4F7556}") = "UI", "UI\UI.csproj", "{A49F09B2-0857-421F-A7B4-431C68CCB19E}"
EndProject
Global
	GlobalSection(SolutionConfigurationPlatforms) = preSolution
		Debug|Any CPU = Debug|Any CPU
		Release|Any CPU = Release|Any CPU
	EndGlobalSection
	GlobalSection(ProjectConfigurationPlatforms) = postSolution
		{403E5C31-380B-4734-8038-7FDC0C7A3A4A}.Debug|Any CPU.ActiveCfg = Debug|Any CPU
		{403E5C31-380B-4734-8038-7FDC0C7A3A4A}.Debug|Any CPU.Build.0 = Debug|Any CPU
		{403E5C31-380B-4734-8038-7FDC0C7A3A4A}.Release|Any CPU.ActiveCfg = Release|Any CPU
		{403E5C31-380B-4734-8038-7FDC0C7A3A4A}.Release|Any CPU.Build.0 = Release|Any CPU
		{C0CFAE7A-5074-48EA-970A-A9239CA829A9}.Debug|Any CPU.ActiveCfg = Debug|Any CPU
		{C0CFAE7A-5074-48EA-970A-A9239CA829A9}.Debug|Any CPU.Build.0 = Debug|Any CPU
		{C0CFAE7A-5074-48EA-970A-A9239CA829A9}.Debug|Any CPU.Deploy.0 = Debug|Any CPU
		{C0CFAE7A-5074-48EA-970A-A9239CA829A9}.Release|Any CPU.ActiveCfg = Release|Any CPU
		{C0CFAE7A-5074-48EA-970A-A9239CA829A9}.Release|Any CPU.Build.0 = Release|Any CPU
		{C0CFAE7A-5074-48EA-970A-A9239CA829A9}.Release|Any CPU.Deploy.0 = Release|Any CPU
		{A49F09B2-0857-421F-A7B4-431C68CCB19E}.Debug|Any CPU.ActiveCfg = Debug|Any CPU
		{A49F09B2-0857-421F-A7B4-431C68CCB19E}.Debug|Any CPU.Build.0 = Debug|Any CPU
		{A49F09B2-0857-421F-A7B4-431C68CCB19E}.Release|Any CPU.ActiveCfg = Release|Any CPU
		{A49F09B2-0857-421F-A7B4-431C68CCB19E}.Release|Any CPU.Build.0 = Release|Any CPU
	EndGlobalSection
	GlobalSection(SolutionProperties) = preSolution
		HideSolutionNode = FALSE
	EndGlobalSection
	GlobalSection(ExtensibilityGlobals) = postSolution
		SolutionGuid = {53AE5220-7757-4D4C-8979-CEAB833FD1EA}
	EndGlobalSection
EndGlobal
